
Microsoft Visual Studio Solution File, Format Version 12.00
# Visual Studio 2012
Project("{FAE04EC0-301F-11D3-BF4B-00C04F79EFBC}") = "Ordering", "Ordering\Ordering.csproj", "{E363D153-5D54-4F90-92D5-A88D3E78F945}"
EndProject
Project("{FAE04EC0-301F-11D3-BF4B-00C04F79EFBC}") = "EDI.Tests", "EDI.Tests\EDI.Tests.csproj", "{3816F92C-B255-4FD3-9D46-9F4D17EA4BED}"
EndProject
Global
	GlobalSection(SolutionConfigurationPlatforms) = preSolution
		Debug|Any CPU = Debug|Any CPU
		Debug|Mixed Platforms = Debug|Mixed Platforms
		Debug|x86 = Debug|x86
		Release|Any CPU = Release|Any CPU
		Release|Mixed Platforms = Release|Mixed Platforms
		Release|x86 = Release|x86
	EndGlobalSection
	GlobalSection(ProjectConfigurationPlatforms) = postSolution
		{E363D153-5D54-4F90-92D5-A88D3E78F945}.Debug|Any CPU.ActiveCfg = Debug|Any CPU
		{E363D153-5D54-4F90-92D5-A88D3E78F945}.Debug|Any CPU.Build.0 = Debug|Any CPU
		{E363D153-5D54-4F90-92D5-A88D3E78F945}.Debug|Mixed Platforms.ActiveCfg = Debug|Any CPU
		{E363D153-5D54-4F90-92D5-A88D3E78F945}.Debug|Mixed Platforms.Build.0 = Debug|Any CPU
		{E363D153-5D54-4F90-92D5-A88D3E78F945}.Debug|x86.ActiveCfg = Debug|Any CPU
		{E363D153-5D54-4F90-92D5-A88D3E78F945}.Release|Any CPU.ActiveCfg = Release|Any CPU
		{E363D153-5D54-4F90-92D5-A88D3E78F945}.Release|Any CPU.Build.0 = Release|Any CPU
		{E363D153-5D54-4F90-92D5-A88D3E78F945}.Release|Mixed Platforms.ActiveCfg = Release|Any CPU
		{E363D153-5D54-4F90-92D5-A88D3E78F945}.Release|Mixed Platforms.Build.0 = Release|Any CPU
		{E363D153-5D54-4F90-92D5-A88D3E78F945}.Release|x86.ActiveCfg = Release|Any CPU
		{3816F92C-B255-4FD3-9D46-9F4D17EA4BED}.Debug|Any CPU.ActiveCfg = Debug|Any CPU
		{3816F92C-B255-4FD3-9D46-9F4D17EA4BED}.Debug|Any CPU.Build.0 = Debug|Any CPU
		{3816F92C-B255-4FD3-9D46-9F4D17EA4BED}.Debug|Mixed Platforms.ActiveCfg = Debug|Any CPU
		{3816F92C-B255-4FD3-9D46-9F4D17EA4BED}.Debug|Mixed Platforms.Build.0 = Debug|Any CPU
		{3816F92C-B255-4FD3-9D46-9F4D17EA4BED}.Debug|x86.ActiveCfg = Debug|Any CPU
		{3816F92C-B255-4FD3-9D46-9F4D17EA4BED}.Release|Any CPU.ActiveCfg = Release|Any CPU
		{3816F92C-B255-4FD3-9D46-9F4D17EA4BED}.Release|Any CPU.Build.0 = Release|Any CPU
		{3816F92C-B255-4FD3-9D46-9F4D17EA4BED}.Release|Mixed Platforms.ActiveCfg = Release|Any CPU
		{3816F92C-B255-4FD3-9D46-9F4D17EA4BED}.Release|Mixed Platforms.Build.0 = Release|Any CPU
		{3816F92C-B255-4FD3-9D46-9F4D17EA4BED}.Release|x86.ActiveCfg = Release|Any CPU
	EndGlobalSection
	GlobalSection(SolutionProperties) = preSolution
		HideSolutionNode = FALSE
	EndGlobalSection
EndGlobal
